
Microsoft Visual Studio Solution File, Format Version 12.00
# Visual Studio Version 17
VisualStudioVersion = 17.4.33110.190
MinimumVisualStudioVersion = 10.0.40219.1
Project("{FAE04EC0-301F-11D3-BF4B-00C04F79EFBC}") = "AppCrudPessoas", "AppCrudPessoas.csproj", "{7E088CEB-C247-412C-B3EB-2FC7FA612997}"
EndProject
Global
	GlobalSection(SolutionConfigurationPlatforms) = preSolution
		Debug|Any CPU = Debug|Any CPU
		Release|Any CPU = Release|Any CPU
	EndGlobalSection
	GlobalSection(ProjectConfigurationPlatforms) = postSolution
		{7E088CEB-C247-412C-B3EB-2FC7FA612997}.Debug|Any CPU.ActiveCfg = Debug|Any CPU
		{7E088CEB-C247-412C-B3EB-2FC7FA612997}.Debug|Any CPU.Build.0 = Debug|Any CPU
		{7E088CEB-C247-412C-B3EB-2FC7FA612997}.Release|Any CPU.ActiveCfg = Release|Any CPU
		{7E088CEB-C247-412C-B3EB-2FC7FA612997}.Release|Any CPU.Build.0 = Release|Any CPU
	EndGlobalSection
	GlobalSection(SolutionProperties) = preSolution
		HideSolutionNode = FALSE
	EndGlobalSection
	GlobalSection(ExtensibilityGlobals) = postSolution
		SolutionGuid = {ED40D212-7A70-41F1-80FF-4D723991D33B}
	EndGlobalSection
EndGlobal
